// !$*UTF8*$!
{
	archiveVersion = 1;
	classes = {
	};
	objectVersion = 56;
	objects = {

/* Begin PBXBuildFile section */
		E6C2349F2A7D51ED00CDEF14 /* Alamofire in Frameworks */ = {isa = PBXBuildFile; productRef = E6C2349E2A7D51ED00CDEF14 /* Alamofire */; };
		E6C44A0B2A7D4CF100CCF161 /* nflStatAppApp.swift in Sources */ = {isa = PBXBuildFile; fileRef = E6C44A0A2A7D4CF100CCF161 /* nflStatAppApp.swift */; };
		E6C44A0F2A7D4CF500CCF161 /* Assets.xcassets in Resources */ = {isa = PBXBuildFile; fileRef = E6C44A0E2A7D4CF500CCF161 /* Assets.xcassets */; };
		E6C44A122A7D4CF500CCF161 /* Preview Assets.xcassets in Resources */ = {isa = PBXBuildFile; fileRef = E6C44A112A7D4CF500CCF161 /* Preview Assets.xcassets */; };
		E6C44A482A7D4F1200CCF161 /* ProspectRowView.swift in Sources */ = {isa = PBXBuildFile; fileRef = E6C44A1C2A7D4F1100CCF161 /* ProspectRowView.swift */; };
		E6C44A492A7D4F1200CCF161 /* DraftViewModel.swift in Sources */ = {isa = PBXBuildFile; fileRef = E6C44A1D2A7D4F1100CCF161 /* DraftViewModel.swift */; };
		E6C44A4A2A7D4F1200CCF161 /* DraftView.swift in Sources */ = {isa = PBXBuildFile; fileRef = E6C44A1E2A7D4F1100CCF161 /* DraftView.swift */; };
		E6C44A4B2A7D4F1200CCF161 /* HeirarchyView.swift in Sources */ = {isa = PBXBuildFile; fileRef = E6C44A202A7D4F1100CCF161 /* HeirarchyView.swift */; };
		E6C44A4C2A7D4F1200CCF161 /* TeamView.swift in Sources */ = {isa = PBXBuildFile; fileRef = E6C44A212A7D4F1100CCF161 /* TeamView.swift */; };
		E6C44A4D2A7D4F1200CCF161 /* HeirarchyViewModel.swift in Sources */ = {isa = PBXBuildFile; fileRef = E6C44A222A7D4F1100CCF161 /* HeirarchyViewModel.swift */; };
		E6C44A4E2A7D4F1200CCF161 /* LeagueLeadersViewModel.swift in Sources */ = {isa = PBXBuildFile; fileRef = E6C44A242A7D4F1100CCF161 /* LeagueLeadersViewModel.swift */; };
		E6C44A4F2A7D4F1200CCF161 /* LeagueLeadersView.swift in Sources */ = {isa = PBXBuildFile; fileRef = E6C44A252A7D4F1100CCF161 /* LeagueLeadersView.swift */; };
		E6C44A502A7D4F1200CCF161 /* LeagueLeaderRowView.swift in Sources */ = {isa = PBXBuildFile; fileRef = E6C44A262A7D4F1100CCF161 /* LeagueLeaderRowView.swift */; };
		E6C44A512A7D4F1200CCF161 /* FreeAgentRowView.swift in Sources */ = {isa = PBXBuildFile; fileRef = E6C44A282A7D4F1100CCF161 /* FreeAgentRowView.swift */; };
		E6C44A522A7D4F1200CCF161 /* FreeAgentListView.swift in Sources */ = {isa = PBXBuildFile; fileRef = E6C44A292A7D4F1100CCF161 /* FreeAgentListView.swift */; };
		E6C44A532A7D4F1200CCF161 /* PlayerView.swift in Sources */ = {isa = PBXBuildFile; fileRef = E6C44A2A2A7D4F1100CCF161 /* PlayerView.swift */; };
		E6C44A542A7D4F1200CCF161 /* FreeAgentListViewModel.swift in Sources */ = {isa = PBXBuildFile; fileRef = E6C44A2B2A7D4F1100CCF161 /* FreeAgentListViewModel.swift */; };
		E6C44A552A7D4F1200CCF161 /* Preview Assets.xcassets in Resources */ = {isa = PBXBuildFile; fileRef = E6C44A2D2A7D4F1200CCF161 /* Preview Assets.xcassets */; };
		E6C44A562A7D4F1200CCF161 /* DraftResponse.swift in Sources */ = {isa = PBXBuildFile; fileRef = E6C44A302A7D4F1200CCF161 /* DraftResponse.swift */; };
		E6C44A572A7D4F1200CCF161 /* ScheduleResponse.swift in Sources */ = {isa = PBXBuildFile; fileRef = E6C44A312A7D4F1200CCF161 /* ScheduleResponse.swift */; };
		E6C44A582A7D4F1200CCF161 /* LeagueLeaderResponse.swift in Sources */ = {isa = PBXBuildFile; fileRef = E6C44A322A7D4F1200CCF161 /* LeagueLeaderResponse.swift */; };
		E6C44A592A7D4F1200CCF161 /* HeirarchyResponse.swift in Sources */ = {isa = PBXBuildFile; fileRef = E6C44A332A7D4F1200CCF161 /* HeirarchyResponse.swift */; };
		E6C44A5A2A7D4F1200CCF161 /* Color+extensions.swift in Sources */ = {isa = PBXBuildFile; fileRef = E6C44A352A7D4F1200CCF161 /* Color+extensions.swift */; };
		E6C44A5B2A7D4F1200CCF161 /* HeaderView.swift in Sources */ = {isa = PBXBuildFile; fileRef = E6C44A372A7D4F1200CCF161 /* HeaderView.swift */; };
		E6C44A5C2A7D4F1200CCF161 /* SideMenuView.swift in Sources */ = {isa = PBXBuildFile; fileRef = E6C44A382A7D4F1200CCF161 /* SideMenuView.swift */; };
		E6C44A5D2A7D4F1200CCF161 /* SideMenu.swift in Sources */ = {isa = PBXBuildFile; fileRef = E6C44A392A7D4F1200CCF161 /* SideMenu.swift */; };
		E6C44A5E2A7D4F1200CCF161 /* SideMenuType.swift in Sources */ = {isa = PBXBuildFile; fileRef = E6C44A3A2A7D4F1200CCF161 /* SideMenuType.swift */; };
		E6C44A5F2A7D4F1200CCF161 /* NFLRouter.swift in Sources */ = {isa = PBXBuildFile; fileRef = E6C44A3C2A7D4F1200CCF161 /* NFLRouter.swift */; };
		E6C44A602A7D4F1200CCF161 /* NFLNetworkManager.swift in Sources */ = {isa = PBXBuildFile; fileRef = E6C44A3D2A7D4F1200CCF161 /* NFLNetworkManager.swift */; };
		E6C44A612A7D4F1200CCF161 /* NFLApiAction.swift in Sources */ = {isa = PBXBuildFile; fileRef = E6C44A3E2A7D4F1200CCF161 /* NFLApiAction.swift */; };
		E6C44A622A7D4F1200CCF161 /* NFLService.swift in Sources */ = {isa = PBXBuildFile; fileRef = E6C44A3F2A7D4F1200CCF161 /* NFLService.swift */; };
		E6C44A632A7D4F1200CCF161 /* MockHeirarchy.json in Resources */ = {isa = PBXBuildFile; fileRef = E6C44A412A7D4F1200CCF161 /* MockHeirarchy.json */; };
		E6C44A642A7D4F1200CCF161 /* MockDraftResponse.json in Resources */ = {isa = PBXBuildFile; fileRef = E6C44A422A7D4F1200CCF161 /* MockDraftResponse.json */; };
		E6C44A652A7D4F1200CCF161 /* MockStats.json in Resources */ = {isa = PBXBuildFile; fileRef = E6C44A432A7D4F1200CCF161 /* MockStats.json */; };
		E6C44A662A7D4F1200CCF161 /* MockSchedule.json in Resources */ = {isa = PBXBuildFile; fileRef = E6C44A442A7D4F1200CCF161 /* MockSchedule.json */; };
		E6C44A672A7D4F1200CCF161 /* MockTeamRoster.json in Resources */ = {isa = PBXBuildFile; fileRef = E6C44A452A7D4F1200CCF161 /* MockTeamRoster.json */; };
		E6C44A692A7D4F3700CCF161 /* ContentView.swift in Sources */ = {isa = PBXBuildFile; fileRef = E6C44A682A7D4F3700CCF161 /* ContentView.swift */; };
/* End PBXBuildFile section */

/* Begin PBXFileReference section */
		E6C44A072A7D4CF100CCF161 /* nflStatApp.app */ = {isa = PBXFileReference; explicitFileType = wrapper.application; includeInIndex = 0; path = nflStatApp.app; sourceTree = BUILT_PRODUCTS_DIR; };
		E6C44A0A2A7D4CF100CCF161 /* nflStatAppApp.swift */ = {isa = PBXFileReference; lastKnownFileType = sourcecode.swift; path = nflStatAppApp.swift; sourceTree = "<group>"; };
		E6C44A0E2A7D4CF500CCF161 /* Assets.xcassets */ = {isa = PBXFileReference; lastKnownFileType = folder.assetcatalog; path = Assets.xcassets; sourceTree = "<group>"; };
		E6C44A112A7D4CF500CCF161 /* Preview Assets.xcassets */ = {isa = PBXFileReference; lastKnownFileType = folder.assetcatalog; path = "Preview Assets.xcassets"; sourceTree = "<group>"; };
		E6C44A1C2A7D4F1100CCF161 /* ProspectRowView.swift */ = {isa = PBXFileReference; fileEncoding = 4; lastKnownFileType = sourcecode.swift; path = ProspectRowView.swift; sourceTree = "<group>"; };
		E6C44A1D2A7D4F1100CCF161 /* DraftViewModel.swift */ = {isa = PBXFileReference; fileEncoding = 4; lastKnownFileType = sourcecode.swift; path = DraftViewModel.swift; sourceTree = "<group>"; };
		E6C44A1E2A7D4F1100CCF161 /* DraftView.swift */ = {isa = PBXFileReference; fileEncoding = 4; lastKnownFileType = sourcecode.swift; path = DraftView.swift; sourceTree = "<group>"; };
		E6C44A202A7D4F1100CCF161 /* HeirarchyView.swift */ = {isa = PBXFileReference; fileEncoding = 4; lastKnownFileType = sourcecode.swift; path = HeirarchyView.swift; sourceTree = "<group>"; };
		E6C44A212A7D4F1100CCF161 /* TeamView.swift */ = {isa = PBXFileReference; fileEncoding = 4; lastKnownFileType = sourcecode.swift; path = TeamView.swift; sourceTree = "<group>"; };
		E6C44A222A7D4F1100CCF161 /* HeirarchyViewModel.swift */ = {isa = PBXFileReference; fileEncoding = 4; lastKnownFileType = sourcecode.swift; path = HeirarchyViewModel.swift; sourceTree = "<group>"; };
		E6C44A242A7D4F1100CCF161 /* LeagueLeadersViewModel.swift */ = {isa = PBXFileReference; fileEncoding = 4; lastKnownFileType = sourcecode.swift; path = LeagueLeadersViewModel.swift; sourceTree = "<group>"; };
		E6C44A252A7D4F1100CCF161 /* LeagueLeadersView.swift */ = {isa = PBXFileReference; fileEncoding = 4; lastKnownFileType = sourcecode.swift; path = LeagueLeadersView.swift; sourceTree = "<group>"; };
		E6C44A262A7D4F1100CCF161 /* LeagueLeaderRowView.swift */ = {isa = PBXFileReference; fileEncoding = 4; lastKnownFileType = sourcecode.swift; path = LeagueLeaderRowView.swift; sourceTree = "<group>"; };
		E6C44A282A7D4F1100CCF161 /* FreeAgentRowView.swift */ = {isa = PBXFileReference; fileEncoding = 4; lastKnownFileType = sourcecode.swift; path = FreeAgentRowView.swift; sourceTree = "<group>"; };
		E6C44A292A7D4F1100CCF161 /* FreeAgentListView.swift */ = {isa = PBXFileReference; fileEncoding = 4; lastKnownFileType = sourcecode.swift; path = FreeAgentListView.swift; sourceTree = "<group>"; };
		E6C44A2A2A7D4F1100CCF161 /* PlayerView.swift */ = {isa = PBXFileReference; fileEncoding = 4; lastKnownFileType = sourcecode.swift; path = PlayerView.swift; sourceTree = "<group>"; };
		E6C44A2B2A7D4F1100CCF161 /* FreeAgentListViewModel.swift */ = {isa = PBXFileReference; fileEncoding = 4; lastKnownFileType = sourcecode.swift; path = FreeAgentListViewModel.swift; sourceTree = "<group>"; };
		E6C44A2D2A7D4F1200CCF161 /* Preview Assets.xcassets */ = {isa = PBXFileReference; lastKnownFileType = folder.assetcatalog; path = "Preview Assets.xcassets"; sourceTree = "<group>"; };
		E6C44A302A7D4F1200CCF161 /* DraftResponse.swift */ = {isa = PBXFileReference; fileEncoding = 4; lastKnownFileType = sourcecode.swift; path = DraftResponse.swift; sourceTree = "<group>"; };
		E6C44A312A7D4F1200CCF161 /* ScheduleResponse.swift */ = {isa = PBXFileReference; fileEncoding = 4; lastKnownFileType = sourcecode.swift; path = ScheduleResponse.swift; sourceTree = "<group>"; };
		E6C44A322A7D4F1200CCF161 /* LeagueLeaderResponse.swift */ = {isa = PBXFileReference; fileEncoding = 4; lastKnownFileType = sourcecode.swift; path = LeagueLeaderResponse.swift; sourceTree = "<group>"; };
		E6C44A332A7D4F1200CCF161 /* HeirarchyResponse.swift */ = {isa = PBXFileReference; fileEncoding = 4; lastKnownFileType = sourcecode.swift; path = HeirarchyResponse.swift; sourceTree = "<group>"; };
		E6C44A352A7D4F1200CCF161 /* Color+extensions.swift */ = {isa = PBXFileReference; fileEncoding = 4; lastKnownFileType = sourcecode.swift; path = "Color+extensions.swift"; sourceTree = "<group>"; };
		E6C44A372A7D4F1200CCF161 /* HeaderView.swift */ = {isa = PBXFileReference; fileEncoding = 4; lastKnownFileType = sourcecode.swift; path = HeaderView.swift; sourceTree = "<group>"; };
		E6C44A382A7D4F1200CCF161 /* SideMenuView.swift */ = {isa = PBXFileReference; fileEncoding = 4; lastKnownFileType = sourcecode.swift; path = SideMenuView.swift; sourceTree = "<group>"; };
		E6C44A392A7D4F1200CCF161 /* SideMenu.swift */ = {isa = PBXFileReference; fileEncoding = 4; lastKnownFileType = sourcecode.swift; path = SideMenu.swift; sourceTree = "<group>"; };
		E6C44A3A2A7D4F1200CCF161 /* SideMenuType.swift */ = {isa = PBXFileReference; fileEncoding = 4; lastKnownFileType = sourcecode.swift; path = SideMenuType.swift; sourceTree = "<group>"; };
		E6C44A3C2A7D4F1200CCF161 /* NFLRouter.swift */ = {isa = PBXFileReference; fileEncoding = 4; lastKnownFileType = sourcecode.swift; path = NFLRouter.swift; sourceTree = "<group>"; };
		E6C44A3D2A7D4F1200CCF161 /* NFLNetworkManager.swift */ = {isa = PBXFileReference; fileEncoding = 4; lastKnownFileType = sourcecode.swift; path = NFLNetworkManager.swift; sourceTree = "<group>"; };
		E6C44A3E2A7D4F1200CCF161 /* NFLApiAction.swift */ = {isa = PBXFileReference; fileEncoding = 4; lastKnownFileType = sourcecode.swift; path = NFLApiAction.swift; sourceTree = "<group>"; };
		E6C44A3F2A7D4F1200CCF161 /* NFLService.swift */ = {isa = PBXFileReference; fileEncoding = 4; lastKnownFileType = sourcecode.swift; path = NFLService.swift; sourceTree = "<group>"; };
		E6C44A412A7D4F1200CCF161 /* MockHeirarchy.json */ = {isa = PBXFileReference; fileEncoding = 4; lastKnownFileType = text.json; path = MockHeirarchy.json; sourceTree = "<group>"; };
		E6C44A422A7D4F1200CCF161 /* MockDraftResponse.json */ = {isa = PBXFileReference; fileEncoding = 4; lastKnownFileType = text.json; path = MockDraftResponse.json; sourceTree = "<group>"; };
		E6C44A432A7D4F1200CCF161 /* MockStats.json */ = {isa = PBXFileReference; fileEncoding = 4; lastKnownFileType = text.json; path = MockStats.json; sourceTree = "<group>"; };
		E6C44A442A7D4F1200CCF161 /* MockSchedule.json */ = {isa = PBXFileReference; fileEncoding = 4; lastKnownFileType = text.json; path = MockSchedule.json; sourceTree = "<group>"; };
		E6C44A452A7D4F1200CCF161 /* MockTeamRoster.json */ = {isa = PBXFileReference; fileEncoding = 4; lastKnownFileType = text.json; path = MockTeamRoster.json; sourceTree = "<group>"; };
		E6C44A682A7D4F3700CCF161 /* ContentView.swift */ = {isa = PBXFileReference; lastKnownFileType = sourcecode.swift; path = ContentView.swift; sourceTree = "<group>"; };
/* End PBXFileReference section */

/* Begin PBXFrameworksBuildPhase section */
		E6C44A042A7D4CF100CCF161 /* Frameworks */ = {
			isa = PBXFrameworksBuildPhase;
			buildActionMask = 2147483647;
			files = (
				E6C2349F2A7D51ED00CDEF14 /* Alamofire in Frameworks */,
			);
			runOnlyForDeploymentPostprocessing = 0;
		};
/* End PBXFrameworksBuildPhase section */

/* Begin PBXGroup section */
		E6C449FE2A7D4CF100CCF161 = {
			isa = PBXGroup;
			children = (
				E6C44A092A7D4CF100CCF161 /* nflStatApp */,
				E6C44A082A7D4CF100CCF161 /* Products */,
			);
			sourceTree = "<group>";
		};
		E6C44A082A7D4CF100CCF161 /* Products */ = {
			isa = PBXGroup;
			children = (
				E6C44A072A7D4CF100CCF161 /* nflStatApp.app */,
			);
			name = Products;
			sourceTree = "<group>";
		};
		E6C44A092A7D4CF100CCF161 /* nflStatApp */ = {
			isa = PBXGroup;
			children = (
				E6C44A1A2A7D4F1100CCF161 /* Core */,
				E6C44A2C2A7D4F1200CCF161 /* Preview Content */,
				E6C44A2E2A7D4F1200CCF161 /* Resources */,
				E6C44A3B2A7D4F1200CCF161 /* Services */,
				E6C44A0A2A7D4CF100CCF161 /* nflStatAppApp.swift */,
				E6C44A0E2A7D4CF500CCF161 /* Assets.xcassets */,
				E6C44A102A7D4CF500CCF161 /* Preview Content */,
				E6C44A682A7D4F3700CCF161 /* ContentView.swift */,
			);
			path = nflStatApp;
			sourceTree = "<group>";
		};
		E6C44A102A7D4CF500CCF161 /* Preview Content */ = {
			isa = PBXGroup;
			children = (
				E6C44A112A7D4CF500CCF161 /* Preview Assets.xcassets */,
			);
			path = "Preview Content";
			sourceTree = "<group>";
		};
		E6C44A1A2A7D4F1100CCF161 /* Core */ = {
			isa = PBXGroup;
			children = (
				E6C44A1B2A7D4F1100CCF161 /* Draft */,
				E6C44A1F2A7D4F1100CCF161 /* Heirarchy */,
				E6C44A232A7D4F1100CCF161 /* LeagueLeaders */,
				E6C44A272A7D4F1100CCF161 /* FreeAgents */,
			);
			path = Core;
			sourceTree = "<group>";
		};
		E6C44A1B2A7D4F1100CCF161 /* Draft */ = {
			isa = PBXGroup;
			children = (
				E6C44A1C2A7D4F1100CCF161 /* ProspectRowView.swift */,
				E6C44A1D2A7D4F1100CCF161 /* DraftViewModel.swift */,
				E6C44A1E2A7D4F1100CCF161 /* DraftView.swift */,
			);
			path = Draft;
			sourceTree = "<group>";
		};
		E6C44A1F2A7D4F1100CCF161 /* Heirarchy */ = {
			isa = PBXGroup;
			children = (
				E6C44A202A7D4F1100CCF161 /* HeirarchyView.swift */,
				E6C44A212A7D4F1100CCF161 /* TeamView.swift */,
				E6C44A222A7D4F1100CCF161 /* HeirarchyViewModel.swift */,
			);
			path = Heirarchy;
			sourceTree = "<group>";
		};
		E6C44A232A7D4F1100CCF161 /* LeagueLeaders */ = {
			isa = PBXGroup;
			children = (
				E6C44A242A7D4F1100CCF161 /* LeagueLeadersViewModel.swift */,
				E6C44A252A7D4F1100CCF161 /* LeagueLeadersView.swift */,
				E6C44A262A7D4F1100CCF161 /* LeagueLeaderRowView.swift */,
			);
			path = LeagueLeaders;
			sourceTree = "<group>";
		};
		E6C44A272A7D4F1100CCF161 /* FreeAgents */ = {
			isa = PBXGroup;
			children = (
				E6C44A282A7D4F1100CCF161 /* FreeAgentRowView.swift */,
				E6C44A292A7D4F1100CCF161 /* FreeAgentListView.swift */,
				E6C44A2A2A7D4F1100CCF161 /* PlayerView.swift */,
				E6C44A2B2A7D4F1100CCF161 /* FreeAgentListViewModel.swift */,
			);
			path = FreeAgents;
			sourceTree = "<group>";
		};
		E6C44A2C2A7D4F1200CCF161 /* Preview Content */ = {
			isa = PBXGroup;
			children = (
				E6C44A2D2A7D4F1200CCF161 /* Preview Assets.xcassets */,
			);
			name = "Preview Content";
			path = "../../../nba/nbaApp/nbaApp/Preview Content";
			sourceTree = "<group>";
		};
		E6C44A2E2A7D4F1200CCF161 /* Resources */ = {
			isa = PBXGroup;
			children = (
				E6C44A2F2A7D4F1200CCF161 /* Models */,
				E6C44A342A7D4F1200CCF161 /* Extensions */,
				E6C44A362A7D4F1200CCF161 /* Views */,
			);
			path = Resources;
			sourceTree = "<group>";
		};
		E6C44A2F2A7D4F1200CCF161 /* Models */ = {
			isa = PBXGroup;
			children = (
				E6C44A302A7D4F1200CCF161 /* DraftResponse.swift */,
				E6C44A312A7D4F1200CCF161 /* ScheduleResponse.swift */,
				E6C44A322A7D4F1200CCF161 /* LeagueLeaderResponse.swift */,
				E6C44A332A7D4F1200CCF161 /* HeirarchyResponse.swift */,
			);
			path = Models;
			sourceTree = "<group>";
		};
		E6C44A342A7D4F1200CCF161 /* Extensions */ = {
			isa = PBXGroup;
			children = (
				E6C44A352A7D4F1200CCF161 /* Color+extensions.swift */,
			);
			path = Extensions;
			sourceTree = "<group>";
		};
		E6C44A362A7D4F1200CCF161 /* Views */ = {
			isa = PBXGroup;
			children = (
				E6C44A372A7D4F1200CCF161 /* HeaderView.swift */,
				E6C44A382A7D4F1200CCF161 /* SideMenuView.swift */,
				E6C44A392A7D4F1200CCF161 /* SideMenu.swift */,
				E6C44A3A2A7D4F1200CCF161 /* SideMenuType.swift */,
			);
			path = Views;
			sourceTree = "<group>";
		};
		E6C44A3B2A7D4F1200CCF161 /* Services */ = {
			isa = PBXGroup;
			children = (
				E6C44A3C2A7D4F1200CCF161 /* NFLRouter.swift */,
				E6C44A3D2A7D4F1200CCF161 /* NFLNetworkManager.swift */,
				E6C44A3E2A7D4F1200CCF161 /* NFLApiAction.swift */,
				E6C44A3F2A7D4F1200CCF161 /* NFLService.swift */,
				E6C44A402A7D4F1200CCF161 /* MockRepsonses */,
			);
			path = Services;
			sourceTree = "<group>";
		};
		E6C44A402A7D4F1200CCF161 /* MockRepsonses */ = {
			isa = PBXGroup;
			children = (
				E6C44A412A7D4F1200CCF161 /* MockHeirarchy.json */,
				E6C44A422A7D4F1200CCF161 /* MockDraftResponse.json */,
				E6C44A432A7D4F1200CCF161 /* MockStats.json */,
				E6C44A442A7D4F1200CCF161 /* MockSchedule.json */,
				E6C44A452A7D4F1200CCF161 /* MockTeamRoster.json */,
			);
			path = MockRepsonses;
			sourceTree = "<group>";
		};
/* End PBXGroup section */

/* Begin PBXNativeTarget section */
		E6C44A062A7D4CF100CCF161 /* nflStatApp */ = {
			isa = PBXNativeTarget;
			buildConfigurationList = E6C44A152A7D4CF500CCF161 /* Build configuration list for PBXNativeTarget "nflStatApp" */;
			buildPhases = (
				E6C44A032A7D4CF100CCF161 /* Sources */,
				E6C44A042A7D4CF100CCF161 /* Frameworks */,
				E6C44A052A7D4CF100CCF161 /* Resources */,
			);
			buildRules = (
			);
			dependencies = (
			);
			name = nflStatApp;
			packageProductDependencies = (
				E6C2349E2A7D51ED00CDEF14 /* Alamofire */,
			);
			productName = nflStatApp;
			productReference = E6C44A072A7D4CF100CCF161 /* nflStatApp.app */;
			productType = "com.apple.product-type.application";
		};
/* End PBXNativeTarget section */

/* Begin PBXProject section */
		E6C449FF2A7D4CF100CCF161 /* Project object */ = {
			isa = PBXProject;
			attributes = {
				BuildIndependentTargetsInParallel = 1;
				LastSwiftUpdateCheck = 1420;
				LastUpgradeCheck = 1420;
				TargetAttributes = {
					E6C44A062A7D4CF100CCF161 = {
						CreatedOnToolsVersion = 14.2;
					};
				};
			};
			buildConfigurationList = E6C44A022A7D4CF100CCF161 /* Build configuration list for PBXProject "nflStatApp" */;
			compatibilityVersion = "Xcode 14.0";
			developmentRegion = en;
			hasScannedForEncodings = 0;
			knownRegions = (
				en,
				Base,
			);
			mainGroup = E6C449FE2A7D4CF100CCF161;
			packageReferences = (
				E6C2349D2A7D51ED00CDEF14 /* XCRemoteSwiftPackageReference "Alamofire" */,
			);
			productRefGroup = E6C44A082A7D4CF100CCF161 /* Products */;
			projectDirPath = "";
			projectRoot = "";
			targets = (
				E6C44A062A7D4CF100CCF161 /* nflStatApp */,
			);
		};
/* End PBXProject section */

/* Begin PBXResourcesBuildPhase section */
		E6C44A052A7D4CF100CCF161 /* Resources */ = {
			isa = PBXResourcesBuildPhase;
			buildActionMask = 2147483647;
			files = (
				E6C44A122A7D4CF500CCF161 /* Preview Assets.xcassets in Resources */,
				E6C44A552A7D4F1200CCF161 /* Preview Assets.xcassets in Resources */,
				E6C44A662A7D4F1200CCF161 /* MockSchedule.json in Resources */,
				E6C44A672A7D4F1200CCF161 /* MockTeamRoster.json in Resources */,
				E6C44A642A7D4F1200CCF161 /* MockDraftResponse.json in Resources */,
				E6C44A652A7D4F1200CCF161 /* MockStats.json in Resources */,
				E6C44A0F2A7D4CF500CCF161 /* Assets.xcassets in Resources */,
				E6C44A632A7D4F1200CCF161 /* MockHeirarchy.json in Resources */,
			);
			runOnlyForDeploymentPostprocessing = 0;
		};
/* End PBXResourcesBuildPhase section */

/* Begin PBXSourcesBuildPhase section */
		E6C44A032A7D4CF100CCF161 /* Sources */ = {
			isa = PBXSourcesBuildPhase;
			buildActionMask = 2147483647;
			files = (
				E6C44A4B2A7D4F1200CCF161 /* HeirarchyView.swift in Sources */,
				E6C44A5E2A7D4F1200CCF161 /* SideMenuType.swift in Sources */,
				E6C44A4D2A7D4F1200CCF161 /* HeirarchyViewModel.swift in Sources */,
				E6C44A532A7D4F1200CCF161 /* PlayerView.swift in Sources */,
				E6C44A582A7D4F1200CCF161 /* LeagueLeaderResponse.swift in Sources */,
				E6C44A562A7D4F1200CCF161 /* DraftResponse.swift in Sources */,
				E6C44A4E2A7D4F1200CCF161 /* LeagueLeadersViewModel.swift in Sources */,
				E6C44A4F2A7D4F1200CCF161 /* LeagueLeadersView.swift in Sources */,
				E6C44A592A7D4F1200CCF161 /* HeirarchyResponse.swift in Sources */,
				E6C44A482A7D4F1200CCF161 /* ProspectRowView.swift in Sources */,
				E6C44A612A7D4F1200CCF161 /* NFLApiAction.swift in Sources */,
				E6C44A512A7D4F1200CCF161 /* FreeAgentRowView.swift in Sources */,
				E6C44A5D2A7D4F1200CCF161 /* SideMenu.swift in Sources */,
				E6C44A5A2A7D4F1200CCF161 /* Color+extensions.swift in Sources */,
				E6C44A492A7D4F1200CCF161 /* DraftViewModel.swift in Sources */,
				E6C44A502A7D4F1200CCF161 /* LeagueLeaderRowView.swift in Sources */,
				E6C44A5F2A7D4F1200CCF161 /* NFLRouter.swift in Sources */,
				E6C44A4A2A7D4F1200CCF161 /* DraftView.swift in Sources */,
				E6C44A622A7D4F1200CCF161 /* NFLService.swift in Sources */,
				E6C44A0B2A7D4CF100CCF161 /* nflStatAppApp.swift in Sources */,
				E6C44A5C2A7D4F1200CCF161 /* SideMenuView.swift in Sources */,
				E6C44A542A7D4F1200CCF161 /* FreeAgentListViewModel.swift in Sources */,
				E6C44A522A7D4F1200CCF161 /* FreeAgentListView.swift in Sources */,
				E6C44A602A7D4F1200CCF161 /* NFLNetworkManager.swift in Sources */,
				E6C44A572A7D4F1200CCF161 /* ScheduleResponse.swift in Sources */,
				E6C44A692A7D4F3700CCF161 /* ContentView.swift in Sources */,
				E6C44A5B2A7D4F1200CCF161 /* HeaderView.swift in Sources */,
				E6C44A4C2A7D4F1200CCF161 /* TeamView.swift in Sources */,
			);
			runOnlyForDeploymentPostprocessing = 0;
		};
/* End PBXSourcesBuildPhase section */

/* Begin XCBuildConfiguration section */
		E6C44A132A7D4CF500CCF161 /* Debug */ = {
			isa = XCBuildConfiguration;
			buildSettings = {
				ALWAYS_SEARCH_USER_PATHS = NO;
				CLANG_ANALYZER_NONNULL = YES;
				CLANG_ANALYZER_NUMBER_OBJECT_CONVERSION = YES_AGGRESSIVE;
				CLANG_CXX_LANGUAGE_STANDARD = "gnu++20";
				CLANG_ENABLE_MODULES = YES;
				CLANG_ENABLE_OBJC_ARC = YES;
				CLANG_ENABLE_OBJC_WEAK = YES;
				CLANG_WARN_BLOCK_CAPTURE_AUTORELEASING = YES;
				CLANG_WARN_BOOL_CONVERSION = YES;
				CLANG_WARN_COMMA = YES;
				CLANG_WARN_CONSTANT_CONVERSION = YES;
				CLANG_WARN_DEPRECATED_OBJC_IMPLEMENTATIONS = YES;
				CLANG_WARN_DIRECT_OBJC_ISA_USAGE = YES_ERROR;
				CLANG_WARN_DOCUMENTATION_COMMENTS = YES;
				CLANG_WARN_EMPTY_BODY = YES;
				CLANG_WARN_ENUM_CONVERSION = YES;
				CLANG_WARN_INFINITE_RECURSION = YES;
				CLANG_WARN_INT_CONVERSION = YES;
				CLANG_WARN_NON_LITERAL_NULL_CONVERSION = YES;
				CLANG_WARN_OBJC_IMPLICIT_RETAIN_SELF = YES;
				CLANG_WARN_OBJC_LITERAL_CONVERSION = YES;
				CLANG_WARN_OBJC_ROOT_CLASS = YES_ERROR;
				CLANG_WARN_QUOTED_INCLUDE_IN_FRAMEWORK_HEADER = YES;
				CLANG_WARN_RANGE_LOOP_ANALYSIS = YES;
				CLANG_WARN_STRICT_PROTOTYPES = YES;
				CLANG_WARN_SUSPICIOUS_MOVE = YES;
				CLANG_WARN_UNGUARDED_AVAILABILITY = YES_AGGRESSIVE;
				CLANG_WARN_UNREACHABLE_CODE = YES;
				CLANG_WARN__DUPLICATE_METHOD_MATCH = YES;
				COPY_PHASE_STRIP = NO;
				DEBUG_INFORMATION_FORMAT = dwarf;
				ENABLE_STRICT_OBJC_MSGSEND = YES;
				ENABLE_TESTABILITY = YES;
				GCC_C_LANGUAGE_STANDARD = gnu11;
				GCC_DYNAMIC_NO_PIC = NO;
				GCC_NO_COMMON_BLOCKS = YES;
				GCC_OPTIMIZATION_LEVEL = 0;
				GCC_PREPROCESSOR_DEFINITIONS = (
					"DEBUG=1",
					"$(inherited)",
				);
				GCC_WARN_64_TO_32_BIT_CONVERSION = YES;
				GCC_WARN_ABOUT_RETURN_TYPE = YES_ERROR;
				GCC_WARN_UNDECLARED_SELECTOR = YES;
				GCC_WARN_UNINITIALIZED_AUTOS = YES_AGGRESSIVE;
				GCC_WARN_UNUSED_FUNCTION = YES;
				GCC_WARN_UNUSED_VARIABLE = YES;
				IPHONEOS_DEPLOYMENT_TARGET = 16.2;
				MTL_ENABLE_DEBUG_INFO = INCLUDE_SOURCE;
				MTL_FAST_MATH = YES;
				ONLY_ACTIVE_ARCH = YES;
				SDKROOT = iphoneos;
				SWIFT_ACTIVE_COMPILATION_CONDITIONS = DEBUG;
				SWIFT_OPTIMIZATION_LEVEL = "-Onone";
			};
			name = Debug;
		};
		E6C44A142A7D4CF500CCF161 /* Release */ = {
			isa = XCBuildConfiguration;
			buildSettings = {
				ALWAYS_SEARCH_USER_PATHS = NO;
				CLANG_ANALYZER_NONNULL = YES;
				CLANG_ANALYZER_NUMBER_OBJECT_CONVERSION = YES_AGGRESSIVE;
				CLANG_CXX_LANGUAGE_STANDARD = "gnu++20";
				CLANG_ENABLE_MODULES = YES;
				CLANG_ENABLE_OBJC_ARC = YES;
				CLANG_ENABLE_OBJC_WEAK = YES;
				CLANG_WARN_BLOCK_CAPTURE_AUTORELEASING = YES;
				CLANG_WARN_BOOL_CONVERSION = YES;
				CLANG_WARN_COMMA = YES;
				CLANG_WARN_CONSTANT_CONVERSION = YES;
				CLANG_WARN_DEPRECATED_OBJC_IMPLEMENTATIONS = YES;
				CLANG_WARN_DIRECT_OBJC_ISA_USAGE = YES_ERROR;
				CLANG_WARN_DOCUMENTATION_COMMENTS = YES;
				CLANG_WARN_EMPTY_BODY = YES;
				CLANG_WARN_ENUM_CONVERSION = YES;
				CLANG_WARN_INFINITE_RECURSION = YES;
				CLANG_WARN_INT_CONVERSION = YES;
				CLANG_WARN_NON_LITERAL_NULL_CONVERSION = YES;
				CLANG_WARN_OBJC_IMPLICIT_RETAIN_SELF = YES;
				CLANG_WARN_OBJC_LITERAL_CONVERSION = YES;
				CLANG_WARN_OBJC_ROOT_CLASS = YES_ERROR;
				CLANG_WARN_QUOTED_INCLUDE_IN_FRAMEWORK_HEADER = YES;
				CLANG_WARN_RANGE_LOOP_ANALYSIS = YES;
				CLANG_WARN_STRICT_PROTOTYPES = YES;
				CLANG_WARN_SUSPICIOUS_MOVE = YES;
				CLANG_WARN_UNGUARDED_AVAILABILITY = YES_AGGRESSIVE;
				CLANG_WARN_UNREACHABLE_CODE = YES;
				CLANG_WARN__DUPLICATE_METHOD_MATCH = YES;
				COPY_PHASE_STRIP = NO;
				DEBUG_INFORMATION_FORMAT = "dwarf-with-dsym";
				ENABLE_NS_ASSERTIONS = NO;
				ENABLE_STRICT_OBJC_MSGSEND = YES;
				GCC_C_LANGUAGE_STANDARD = gnu11;
				GCC_NO_COMMON_BLOCKS = YES;
				GCC_WARN_64_TO_32_BIT_CONVERSION = YES;
				GCC_WARN_ABOUT_RETURN_TYPE = YES_ERROR;
				GCC_WARN_UNDECLARED_SELECTOR = YES;
				GCC_WARN_UNINITIALIZED_AUTOS = YES_AGGRESSIVE;
				GCC_WARN_UNUSED_FUNCTION = YES;
				GCC_WARN_UNUSED_VARIABLE = YES;
				IPHONEOS_DEPLOYMENT_TARGET = 16.2;
				MTL_ENABLE_DEBUG_INFO = NO;
				MTL_FAST_MATH = YES;
				SDKROOT = iphoneos;
				SWIFT_COMPILATION_MODE = wholemodule;
				SWIFT_OPTIMIZATION_LEVEL = "-O";
				VALIDATE_PRODUCT = YES;
			};
			name = Release;
		};
		E6C44A162A7D4CF500CCF161 /* Debug */ = {
			isa = XCBuildConfiguration;
			buildSettings = {
				ASSETCATALOG_COMPILER_APPICON_NAME = AppIcon;
				ASSETCATALOG_COMPILER_GLOBAL_ACCENT_COLOR_NAME = AccentColor;
				CODE_SIGN_STYLE = Automatic;
				CURRENT_PROJECT_VERSION = 1;
				DEVELOPMENT_ASSET_PATHS = "\"nflStatApp/Preview Content\"";
				DEVELOPMENT_TEAM = VY9FRH555S;
				ENABLE_PREVIEWS = YES;
				GENERATE_INFOPLIST_FILE = YES;
				INFOPLIST_KEY_UIApplicationSceneManifest_Generation = YES;
				INFOPLIST_KEY_UIApplicationSupportsIndirectInputEvents = YES;
				INFOPLIST_KEY_UILaunchScreen_Generation = YES;
				INFOPLIST_KEY_UISupportedInterfaceOrientations_iPad = "UIInterfaceOrientationPortrait UIInterfaceOrientationPortraitUpsideDown UIInterfaceOrientationLandscapeLeft UIInterfaceOrientationLandscapeRight";
				INFOPLIST_KEY_UISupportedInterfaceOrientations_iPhone = "UIInterfaceOrientationPortrait UIInterfaceOrientationLandscapeLeft UIInterfaceOrientationLandscapeRight";
				LD_RUNPATH_SEARCH_PATHS = (
					"$(inherited)",
					"@executable_path/Frameworks",
				);
				MARKETING_VERSION = 1.0;
				PRODUCT_BUNDLE_IDENTIFIER = ryan.nflStatApp;
				PRODUCT_NAME = "$(TARGET_NAME)";
				SWIFT_EMIT_LOC_STRINGS = YES;
				SWIFT_VERSION = 5.0;
				TARGETED_DEVICE_FAMILY = "1,2";
			};
			name = Debug;
		};
		E6C44A172A7D4CF500CCF161 /* Release */ = {
			isa = XCBuildConfiguration;
			buildSettings = {
				ASSETCATALOG_COMPILER_APPICON_NAME = AppIcon;
				ASSETCATALOG_COMPILER_GLOBAL_ACCENT_COLOR_NAME = AccentColor;
				CODE_SIGN_STYLE = Automatic;
				CURRENT_PROJECT_VERSION = 1;
				DEVELOPMENT_ASSET_PATHS = "\"nflStatApp/Preview Content\"";
				DEVELOPMENT_TEAM = VY9FRH555S;
				ENABLE_PREVIEWS = YES;
				GENERATE_INFOPLIST_FILE = YES;
				INFOPLIST_KEY_UIApplicationSceneManifest_Generation = YES;
				INFOPLIST_KEY_UIApplicationSupportsIndirectInputEvents = YES;
				INFOPLIST_KEY_UILaunchScreen_Generation = YES;
				INFOPLIST_KEY_UISupportedInterfaceOrientations_iPad = "UIInterfaceOrientationPortrait UIInterfaceOrientationPortraitUpsideDown UIInterfaceOrientationLandscapeLeft UIInterfaceOrientationLandscapeRight";
				INFOPLIST_KEY_UISupportedInterfaceOrientations_iPhone = "UIInterfaceOrientationPortrait UIInterfaceOrientationLandscapeLeft UIInterfaceOrientationLandscapeRight";
				LD_RUNPATH_SEARCH_PATHS = (
					"$(inherited)",
					"@executable_path/Frameworks",
				);
				MARKETING_VERSION = 1.0;
				PRODUCT_BUNDLE_IDENTIFIER = ryan.nflStatApp;
				PRODUCT_NAME = "$(TARGET_NAME)";
				SWIFT_EMIT_LOC_STRINGS = YES;
				SWIFT_VERSION = 5.0;
				TARGETED_DEVICE_FAMILY = "1,2";
			};
			name = Release;
		};
/* End XCBuildConfiguration section */

/* Begin XCConfigurationList section */
		E6C44A022A7D4CF100CCF161 /* Build configuration list for PBXProject "nflStatApp" */ = {
			isa = XCConfigurationList;
			buildConfigurations = (
				E6C44A132A7D4CF500CCF161 /* Debug */,
				E6C44A142A7D4CF500CCF161 /* Release */,
			);
			defaultConfigurationIsVisible = 0;
			defaultConfigurationName = Release;
		};
		E6C44A152A7D4CF500CCF161 /* Build configuration list for PBXNativeTarget "nflStatApp" */ = {
			isa = XCConfigurationList;
			buildConfigurations = (
				E6C44A162A7D4CF500CCF161 /* Debug */,
				E6C44A172A7D4CF500CCF161 /* Release */,
			);
			defaultConfigurationIsVisible = 0;
			defaultConfigurationName = Release;
		};
/* End XCConfigurationList section */

/* Begin XCRemoteSwiftPackageReference section */
		E6C2349D2A7D51ED00CDEF14 /* XCRemoteSwiftPackageReference "Alamofire" */ = {
			isa = XCRemoteSwiftPackageReference;
			repositoryURL = "https://github.com/Alamofire/Alamofire.git";
			requirement = {
				kind = upToNextMajorVersion;
				minimumVersion = 5.0.0;
			};
		};
/* End XCRemoteSwiftPackageReference section */

/* Begin XCSwiftPackageProductDependency section */
		E6C2349E2A7D51ED00CDEF14 /* Alamofire */ = {
			isa = XCSwiftPackageProductDependency;
			package = E6C2349D2A7D51ED00CDEF14 /* XCRemoteSwiftPackageReference "Alamofire" */;
			productName = Alamofire;
		};
/* End XCSwiftPackageProductDependency section */
	};
	rootObject = E6C449FF2A7D4CF100CCF161 /* Project object */;
}
